{
  "name": "javascript-learning",
  "lockfileVersion": 2,
  "requires": true,
  "packages": {
    "": {
      "devDependencies": {
        "@types/angular": "^1.8.3",
        "angular": "^1.8.2",
        "typescript": "^4.5.5"
      }
    },
    "node_modules/@types/angular": {
      "version": "1.8.3",
      "resolved": "https://registry.npmjs.org/@types/angular/-/angular-1.8.3.tgz",
      "integrity": "sha512-vgc5Z+TD07DT7NEUjFm6XMp0kEbGXIa95XmOL5IiHXR9LdrJpcdDh3jl1nCuZbWyzFn5/1OqtMfomcnA1sUFXQ==",
      "dev": true
    },
    "node_modules/angular": {
      "version": "1.8.2",
      "resolved": "https://registry.npmjs.org/angular/-/angular-1.8.2.tgz",
      "integrity": "sha512-IauMOej2xEe7/7Ennahkbb5qd/HFADiNuLSESz9Q27inmi32zB0lnAsFeLEWcox3Gd1F6YhNd1CP7/9IukJ0Gw==",
      "dev": true
    },
    "node_modules/typescript": {
      "version": "4.5.5",
      "resolved": "https://registry.npmjs.org/typescript/-/typescript-4.5.5.tgz",
      "integrity": "sha512-TCTIul70LyWe6IJWT8QSYeA54WQe8EjQFU4wY52Fasj5UKx88LNYKCgBEHcOMOrFF1rKGbD8v/xcNWVUq9SymA==",
      "dev": true,
      "bin": {
        "tsc": "bin/tsc",
        "tsserver": "bin/tsserver"
      },
      "engines": {
        "node": ">=4.2.0"
      }
    }
  },
  "dependencies": {
    "@types/angular": {
      "version": "1.8.3",
      "resolved": "https://registry.npmjs.org/@types/angular/-/angular-1.8.3.tgz",
      "integrity": "sha512-vgc5Z+TD07DT7NEUjFm6XMp0kEbGXIa95XmOL5IiHXR9LdrJpcdDh3jl1nCuZbWyzFn5/1OqtMfomcnA1sUFXQ==",
      "dev": true
    },
    "angular": {
      "version": "1.8.2",
      "resolved": "https://registry.npmjs.org/angular/-/angular-1.8.2.tgz",
      "integrity": "sha512-IauMOej2xEe7/7Ennahkbb5qd/HFADiNuLSESz9Q27inmi32zB0lnAsFeLEWcox3Gd1F6YhNd1CP7/9IukJ0Gw==",
      "dev": true
    },
    "typescript": {
      "version": "4.5.5",
      "resolved": "https://registry.npmjs.org/typescript/-/typescript-4.5.5.tgz",
      "integrity": "sha512-TCTIul70LyWe6IJWT8QSYeA54WQe8EjQFU4wY52Fasj5UKx88LNYKCgBEHcOMOrFF1rKGbD8v/xcNWVUq9SymA==",
      "dev": true
    }
  }
}
